// !$*UTF8*$!
{
	archiveVersion = 1;
	classes = {
	};
	objectVersion = 46;
	objects = {

/* Begin PBXBuildFile section */
		A2013699198E2E5A005DBC59 /* print2.jpg in Resources */ = {isa = PBXBuildFile; fileRef = A2013698198E2E5A005DBC59 /* print2.jpg */; };
		A213238B198CEA230004C764 /* Foundation.framework in Frameworks */ = {isa = PBXBuildFile; fileRef = A213238A198CEA230004C764 /* Foundation.framework */; };
		A213238D198CEA230004C764 /* CoreGraphics.framework in Frameworks */ = {isa = PBXBuildFile; fileRef = A213238C198CEA230004C764 /* CoreGraphics.framework */; };
		A213238F198CEA230004C764 /* UIKit.framework in Frameworks */ = {isa = PBXBuildFile; fileRef = A213238E198CEA230004C764 /* UIKit.framework */; };
		A2132395198CEA230004C764 /* InfoPlist.strings in Resources */ = {isa = PBXBuildFile; fileRef = A2132393198CEA230004C764 /* InfoPlist.strings */; };
		A2132397198CEA230004C764 /* main.m in Sources */ = {isa = PBXBuildFile; fileRef = A2132396198CEA230004C764 /* main.m */; };
		A213239B198CEA230004C764 /* AppDelegate.m in Sources */ = {isa = PBXBuildFile; fileRef = A213239A198CEA230004C764 /* AppDelegate.m */; };
		A213239D198CEA230004C764 /* Images.xcassets in Resources */ = {isa = PBXBuildFile; fileRef = A213239C198CEA230004C764 /* Images.xcassets */; };
		A21323A4198CEA230004C764 /* XCTest.framework in Frameworks */ = {isa = PBXBuildFile; fileRef = A21323A3198CEA230004C764 /* XCTest.framework */; };
		A21323A5198CEA230004C764 /* Foundation.framework in Frameworks */ = {isa = PBXBuildFile; fileRef = A213238A198CEA230004C764 /* Foundation.framework */; };
		A21323A6198CEA230004C764 /* UIKit.framework in Frameworks */ = {isa = PBXBuildFile; fileRef = A213238E198CEA230004C764 /* UIKit.framework */; };
		A21323AE198CEA230004C764 /* InfoPlist.strings in Resources */ = {isa = PBXBuildFile; fileRef = A21323AC198CEA230004C764 /* InfoPlist.strings */; };
		A21323B0198CEA230004C764 /* testAlbumTests.m in Sources */ = {isa = PBXBuildFile; fileRef = A21323AF198CEA230004C764 /* testAlbumTests.m */; };
		A21323C1198CEC210004C764 /* ViewController.m in Sources */ = {isa = PBXBuildFile; fileRef = A21323C0198CEC210004C764 /* ViewController.m */; };
		A21323C4198CF07B0004C764 /* myCell.m in Sources */ = {isa = PBXBuildFile; fileRef = A21323C3198CF07B0004C764 /* myCell.m */; };
		A21323C6198CF1270004C764 /* print5.png in Resources */ = {isa = PBXBuildFile; fileRef = A21323C5198CF1270004C764 /* print5.png */; };
		A214F5C819A1CDDA0032C088 /* 11.png in Resources */ = {isa = PBXBuildFile; fileRef = A214F5C719A1CDDA0032C088 /* 11.png */; };
		A2D1FD69199C94EF00EB577D /* HeadPic.m in Sources */ = {isa = PBXBuildFile; fileRef = A2D1FD68199C94EF00EB577D /* HeadPic.m */; };
		A2D1FD6C199C951500EB577D /* MyFavorite.m in Sources */ = {isa = PBXBuildFile; fileRef = A2D1FD6B199C951500EB577D /* MyFavorite.m */; };
		A2D1FD6E199C9AC300EB577D /* 1pic.jpg in Resources */ = {isa = PBXBuildFile; fileRef = A2D1FD6D199C9AC300EB577D /* 1pic.jpg */; };
		A2D1FD71199C9DA100EB577D /* 2pic.jpg in Resources */ = {isa = PBXBuildFile; fileRef = A2D1FD6F199C9DA100EB577D /* 2pic.jpg */; };
		F48574B73447410C9D339A79 /* libPods.a in Frameworks */ = {isa = PBXBuildFile; fileRef = C7E2A13F499D46AF81D606B1 /* libPods.a */; };
/* End PBXBuildFile section */

/* Begin PBXContainerItemProxy section */
		A21323A7198CEA230004C764 /* PBXContainerItemProxy */ = {
			isa = PBXContainerItemProxy;
			containerPortal = A213237F198CEA230004C764 /* Project object */;
			proxyType = 1;
			remoteGlobalIDString = A2132386198CEA230004C764;
			remoteInfo = testAlbum;
		};
/* End PBXContainerItemProxy section */

/* Begin PBXFileReference section */
		A2013698198E2E5A005DBC59 /* print2.jpg */ = {isa = PBXFileReference; lastKnownFileType = image.jpeg; path = print2.jpg; sourceTree = "<group>"; };
		A2132387198CEA230004C764 /* testAlbum.app */ = {isa = PBXFileReference; explicitFileType = wrapper.application; includeInIndex = 0; path = testAlbum.app; sourceTree = BUILT_PRODUCTS_DIR; };
		A213238A198CEA230004C764 /* Foundation.framework */ = {isa = PBXFileReference; lastKnownFileType = wrapper.framework; name = Foundation.framework; path = System/Library/Frameworks/Foundation.framework; sourceTree = SDKROOT; };
		A213238C198CEA230004C764 /* CoreGraphics.framework */ = {isa = PBXFileReference; lastKnownFileType = wrapper.framework; name = CoreGraphics.framework; path = System/Library/Frameworks/CoreGraphics.framework; sourceTree = SDKROOT; };
		A213238E198CEA230004C764 /* UIKit.framework */ = {isa = PBXFileReference; lastKnownFileType = wrapper.framework; name = UIKit.framework; path = System/Library/Frameworks/UIKit.framework; sourceTree = SDKROOT; };
		A2132392198CEA230004C764 /* testAlbum-Info.plist */ = {isa = PBXFileReference; lastKnownFileType = text.plist.xml; path = "testAlbum-Info.plist"; sourceTree = "<group>"; };
		A2132394198CEA230004C764 /* en */ = {isa = PBXFileReference; lastKnownFileType = text.plist.strings; name = en; path = en.lproj/InfoPlist.strings; sourceTree = "<group>"; };
		A2132396198CEA230004C764 /* main.m */ = {isa = PBXFileReference; lastKnownFileType = sourcecode.c.objc; path = main.m; sourceTree = "<group>"; };
		A2132398198CEA230004C764 /* testAlbum-Prefix.pch */ = {isa = PBXFileReference; lastKnownFileType = sourcecode.c.h; path = "testAlbum-Prefix.pch"; sourceTree = "<group>"; };
		A2132399198CEA230004C764 /* AppDelegate.h */ = {isa = PBXFileReference; lastKnownFileType = sourcecode.c.h; path = AppDelegate.h; sourceTree = "<group>"; };
		A213239A198CEA230004C764 /* AppDelegate.m */ = {isa = PBXFileReference; lastKnownFileType = sourcecode.c.objc; path = AppDelegate.m; sourceTree = "<group>"; };
		A213239C198CEA230004C764 /* Images.xcassets */ = {isa = PBXFileReference; lastKnownFileType = folder.assetcatalog; path = Images.xcassets; sourceTree = "<group>"; };
		A21323A2198CEA230004C764 /* testAlbumTests.xctest */ = {isa = PBXFileReference; explicitFileType = wrapper.cfbundle; includeInIndex = 0; path = testAlbumTests.xctest; sourceTree = BUILT_PRODUCTS_DIR; };
		A21323A3198CEA230004C764 /* XCTest.framework */ = {isa = PBXFileReference; lastKnownFileType = wrapper.framework; name = XCTest.framework; path = Library/Frameworks/XCTest.framework; sourceTree = DEVELOPER_DIR; };
		A21323AB198CEA230004C764 /* testAlbumTests-Info.plist */ = {isa = PBXFileReference; lastKnownFileType = text.plist.xml; path = "testAlbumTests-Info.plist"; sourceTree = "<group>"; };
		A21323AD198CEA230004C764 /* en */ = {isa = PBXFileReference; lastKnownFileType = text.plist.strings; name = en; path = en.lproj/InfoPlist.strings; sourceTree = "<group>"; };
		A21323AF198CEA230004C764 /* testAlbumTests.m */ = {isa = PBXFileReference; lastKnownFileType = sourcecode.c.objc; path = testAlbumTests.m; sourceTree = "<group>"; };
		A21323BF198CEC210004C764 /* ViewController.h */ = {isa = PBXFileReference; fileEncoding = 4; lastKnownFileType = sourcecode.c.h; path = ViewController.h; sourceTree = "<group>"; };
		A21323C0198CEC210004C764 /* ViewController.m */ = {isa = PBXFileReference; fileEncoding = 4; lastKnownFileType = sourcecode.c.objc; path = ViewController.m; sourceTree = "<group>"; };
		A21323C2198CF07B0004C764 /* myCell.h */ = {isa = PBXFileReference; fileEncoding = 4; lastKnownFileType = sourcecode.c.h; path = myCell.h; sourceTree = "<group>"; };
		A21323C3198CF07B0004C764 /* myCell.m */ = {isa = PBXFileReference; fileEncoding = 4; lastKnownFileType = sourcecode.c.objc; path = myCell.m; sourceTree = "<group>"; };
		A21323C5198CF1270004C764 /* print5.png */ = {isa = PBXFileReference; lastKnownFileType = image.png; path = print5.png; sourceTree = "<group>"; };
		A214F5C719A1CDDA0032C088 /* 11.png */ = {isa = PBXFileReference; lastKnownFileType = image.png; path = 11.png; sourceTree = "<group>"; };
		A2D1FD67199C94EF00EB577D /* HeadPic.h */ = {isa = PBXFileReference; fileEncoding = 4; lastKnownFileType = sourcecode.c.h; path = HeadPic.h; sourceTree = "<group>"; };
		A2D1FD68199C94EF00EB577D /* HeadPic.m */ = {isa = PBXFileReference; fileEncoding = 4; lastKnownFileType = sourcecode.c.objc; path = HeadPic.m; sourceTree = "<group>"; };
		A2D1FD6A199C951500EB577D /* MyFavorite.h */ = {isa = PBXFileReference; fileEncoding = 4; lastKnownFileType = sourcecode.c.h; path = MyFavorite.h; sourceTree = "<group>"; };
		A2D1FD6B199C951500EB577D /* MyFavorite.m */ = {isa = PBXFileReference; fileEncoding = 4; lastKnownFileType = sourcecode.c.objc; path = MyFavorite.m; sourceTree = "<group>"; };
		A2D1FD6D199C9AC300EB577D /* 1pic.jpg */ = {isa = PBXFileReference; lastKnownFileType = image.jpeg; path = 1pic.jpg; sourceTree = "<group>"; };
		A2D1FD6F199C9DA100EB577D /* 2pic.jpg */ = {isa = PBXFileReference; lastKnownFileType = image.jpeg; path = 2pic.jpg; sourceTree = "<group>"; };
		BFD5CADF38464905BE76A126 /* Pods.xcconfig */ = {isa = PBXFileReference; includeInIndex = 1; lastKnownFileType = text.xcconfig; name = Pods.xcconfig; path = Pods/Pods.xcconfig; sourceTree = "<group>"; };
		C7E2A13F499D46AF81D606B1 /* libPods.a */ = {isa = PBXFileReference; explicitFileType = archive.ar; includeInIndex = 0; path = libPods.a; sourceTree = BUILT_PRODUCTS_DIR; };
/* End PBXFileReference section */

/* Begin PBXFrameworksBuildPhase section */
		A2132384198CEA230004C764 /* Frameworks */ = {
			isa = PBXFrameworksBuildPhase;
			buildActionMask = 2147483647;
			files = (
				A213238D198CEA230004C764 /* CoreGraphics.framework in Frameworks */,
				A213238F198CEA230004C764 /* UIKit.framework in Frameworks */,
				A213238B198CEA230004C764 /* Foundation.framework in Frameworks */,
				F48574B73447410C9D339A79 /* libPods.a in Frameworks */,
			);
			runOnlyForDeploymentPostprocessing = 0;
		};
		A213239F198CEA230004C764 /* Frameworks */ = {
			isa = PBXFrameworksBuildPhase;
			buildActionMask = 2147483647;
			files = (
				A21323A4198CEA230004C764 /* XCTest.framework in Frameworks */,
				A21323A6198CEA230004C764 /* UIKit.framework in Frameworks */,
				A21323A5198CEA230004C764 /* Foundation.framework in Frameworks */,
			);
			runOnlyForDeploymentPostprocessing = 0;
		};
/* End PBXFrameworksBuildPhase section */

/* Begin PBXGroup section */
		A213237E198CEA230004C764 = {
			isa = PBXGroup;
			children = (
				A2132390198CEA230004C764 /* testAlbum */,
				A21323A9198CEA230004C764 /* testAlbumTests */,
				A2132389198CEA230004C764 /* Frameworks */,
				A2132388198CEA230004C764 /* Products */,
				BFD5CADF38464905BE76A126 /* Pods.xcconfig */,
			);
			sourceTree = "<group>";
		};
		A2132388198CEA230004C764 /* Products */ = {
			isa = PBXGroup;
			children = (
				A2132387198CEA230004C764 /* testAlbum.app */,
				A21323A2198CEA230004C764 /* testAlbumTests.xctest */,
			);
			name = Products;
			sourceTree = "<group>";
		};
		A2132389198CEA230004C764 /* Frameworks */ = {
			isa = PBXGroup;
			children = (
				A213238A198CEA230004C764 /* Foundation.framework */,
				A213238C198CEA230004C764 /* CoreGraphics.framework */,
				A213238E198CEA230004C764 /* UIKit.framework */,
				A21323A3198CEA230004C764 /* XCTest.framework */,
				C7E2A13F499D46AF81D606B1 /* libPods.a */,
			);
			name = Frameworks;
			sourceTree = "<group>";
		};
		A2132390198CEA230004C764 /* testAlbum */ = {
			isa = PBXGroup;
			children = (
				A2D1FD66199C61FD00EB577D /* image */,
				A2132399198CEA230004C764 /* AppDelegate.h */,
				A213239A198CEA230004C764 /* AppDelegate.m */,
				A21323BF198CEC210004C764 /* ViewController.h */,
				A21323C0198CEC210004C764 /* ViewController.m */,
				A2D1FD67199C94EF00EB577D /* HeadPic.h */,
				A2D1FD68199C94EF00EB577D /* HeadPic.m */,
				A2D1FD6A199C951500EB577D /* MyFavorite.h */,
				A2D1FD6B199C951500EB577D /* MyFavorite.m */,
				A21323C2198CF07B0004C764 /* myCell.h */,
				A21323C3198CF07B0004C764 /* myCell.m */,
				A213239C198CEA230004C764 /* Images.xcassets */,
				A2132391198CEA230004C764 /* Supporting Files */,
			);
			path = testAlbum;
			sourceTree = "<group>";
		};
		A2132391198CEA230004C764 /* Supporting Files */ = {
			isa = PBXGroup;
			children = (
				A2132392198CEA230004C764 /* testAlbum-Info.plist */,
				A2132393198CEA230004C764 /* InfoPlist.strings */,
				A2132396198CEA230004C764 /* main.m */,
				A2132398198CEA230004C764 /* testAlbum-Prefix.pch */,
			);
			name = "Supporting Files";
			sourceTree = "<group>";
		};
		A21323A9198CEA230004C764 /* testAlbumTests */ = {
			isa = PBXGroup;
			children = (
				A21323AF198CEA230004C764 /* testAlbumTests.m */,
				A21323AA198CEA230004C764 /* Supporting Files */,
			);
			path = testAlbumTests;
			sourceTree = "<group>";
		};
		A21323AA198CEA230004C764 /* Supporting Files */ = {
			isa = PBXGroup;
			children = (
				A21323AB198CEA230004C764 /* testAlbumTests-Info.plist */,
				A21323AC198CEA230004C764 /* InfoPlist.strings */,
			);
			name = "Supporting Files";
			sourceTree = "<group>";
		};
		A2D1FD66199C61FD00EB577D /* image */ = {
			isa = PBXGroup;
			children = (
				A214F5C719A1CDDA0032C088 /* 11.png */,
				A2D1FD6F199C9DA100EB577D /* 2pic.jpg */,
				A2D1FD6D199C9AC300EB577D /* 1pic.jpg */,
				A21323C5198CF1270004C764 /* print5.png */,
				A2013698198E2E5A005DBC59 /* print2.jpg */,
			);
			name = image;
			sourceTree = "<group>";
		};
/* End PBXGroup section */

/* Begin PBXNativeTarget section */
		A2132386198CEA230004C764 /* testAlbum */ = {
			isa = PBXNativeTarget;
			buildConfigurationList = A21323B3198CEA230004C764 /* Build configuration list for PBXNativeTarget "testAlbum" */;
			buildPhases = (
				95FFED03DFB54481900328C1 /* Check Pods Manifest.lock */,
				A2132383198CEA230004C764 /* Sources */,
				A2132384198CEA230004C764 /* Frameworks */,
				A2132385198CEA230004C764 /* Resources */,
				AB88525590884CE290353F9C /* Copy Pods Resources */,
			);
			buildRules = (
			);
			dependencies = (
			);
			name = testAlbum;
			productName = testAlbum;
			productReference = A2132387198CEA230004C764 /* testAlbum.app */;
			productType = "com.apple.product-type.application";
		};
		A21323A1198CEA230004C764 /* testAlbumTests */ = {
			isa = PBXNativeTarget;
			buildConfigurationList = A21323B6198CEA230004C764 /* Build configuration list for PBXNativeTarget "testAlbumTests" */;
			buildPhases = (
				A213239E198CEA230004C764 /* Sources */,
				A213239F198CEA230004C764 /* Frameworks */,
				A21323A0198CEA230004C764 /* Resources */,
			);
			buildRules = (
			);
			dependencies = (
				A21323A8198CEA230004C764 /* PBXTargetDependency */,
			);
			name = testAlbumTests;
			productName = testAlbumTests;
			productReference = A21323A2198CEA230004C764 /* testAlbumTests.xctest */;
			productType = "com.apple.product-type.bundle.unit-test";
		};
/* End PBXNativeTarget section */

/* Begin PBXProject section */
		A213237F198CEA230004C764 /* Project object */ = {
			isa = PBXProject;
			attributes = {
				LastUpgradeCheck = 0510;
				ORGANIZATIONNAME = Gintama;
				TargetAttributes = {
					A21323A1198CEA230004C764 = {
						TestTargetID = A2132386198CEA230004C764;
					};
				};
			};
			buildConfigurationList = A2132382198CEA230004C764 /* Build configuration list for PBXProject "testAlbum" */;
			compatibilityVersion = "Xcode 3.2";
			developmentRegion = English;
			hasScannedForEncodings = 0;
			knownRegions = (
				en,
			);
			mainGroup = A213237E198CEA230004C764;
			productRefGroup = A2132388198CEA230004C764 /* Products */;
			projectDirPath = "";
			projectRoot = "";
			targets = (
				A2132386198CEA230004C764 /* testAlbum */,
				A21323A1198CEA230004C764 /* testAlbumTests */,
			);
		};
/* End PBXProject section */

/* Begin PBXResourcesBuildPhase section */
		A2132385198CEA230004C764 /* Resources */ = {
			isa = PBXResourcesBuildPhase;
			buildActionMask = 2147483647;
			files = (
				A2013699198E2E5A005DBC59 /* print2.jpg in Resources */,
				A21323C6198CF1270004C764 /* print5.png in Resources */,
				A2D1FD6E199C9AC300EB577D /* 1pic.jpg in Resources */,
				A2132395198CEA230004C764 /* InfoPlist.strings in Resources */,
				A213239D198CEA230004C764 /* Images.xcassets in Resources */,
				A214F5C819A1CDDA0032C088 /* 11.png in Resources */,
				A2D1FD71199C9DA100EB577D /* 2pic.jpg in Resources */,
			);
			runOnlyForDeploymentPostprocessing = 0;
		};
		A21323A0198CEA230004C764 /* Resources */ = {
			isa = PBXResourcesBuildPhase;
			buildActionMask = 2147483647;
			files = (
				A21323AE198CEA230004C764 /* InfoPlist.strings in Resources */,
			);
			runOnlyForDeploymentPostprocessing = 0;
		};
/* End PBXResourcesBuildPhase section */

/* Begin PBXShellScriptBuildPhase section */
		95FFED03DFB54481900328C1 /* Check Pods Manifest.lock */ = {
			isa = PBXShellScriptBuildPhase;
			buildActionMask = 2147483647;
			files = (
			);
			inputPaths = (
			);
			name = "Check Pods Manifest.lock";
			outputPaths = (
			);
			runOnlyForDeploymentPostprocessing = 0;
			shellPath = /bin/sh;
			shellScript = "diff \"${PODS_ROOT}/../Podfile.lock\" \"${PODS_ROOT}/Manifest.lock\" > /dev/null\nif [[ $? != 0 ]] ; then\n    cat << EOM\nerror: The sandbox is not in sync with the Podfile.lock. Run 'pod install' or update your CocoaPods installation.\nEOM\n    exit 1\nfi\n";
			showEnvVarsInLog = 0;
		};
		AB88525590884CE290353F9C /* Copy Pods Resources */ = {
			isa = PBXShellScriptBuildPhase;
			buildActionMask = 2147483647;
			files = (
			);
			inputPaths = (
			);
			name = "Copy Pods Resources";
			outputPaths = (
			);
			runOnlyForDeploymentPostprocessing = 0;
			shellPath = /bin/sh;
			shellScript = "\"${SRCROOT}/Pods/Pods-resources.sh\"\n";
			showEnvVarsInLog = 0;
		};
/* End PBXShellScriptBuildPhase section */

/* Begin PBXSourcesBuildPhase section */
		A2132383198CEA230004C764 /* Sources */ = {
			isa = PBXSourcesBuildPhase;
			buildActionMask = 2147483647;
			files = (
				A21323C1198CEC210004C764 /* ViewController.m in Sources */,
				A2D1FD6C199C951500EB577D /* MyFavorite.m in Sources */,
				A2D1FD69199C94EF00EB577D /* HeadPic.m in Sources */,
				A21323C4198CF07B0004C764 /* myCell.m in Sources */,
				A213239B198CEA230004C764 /* AppDelegate.m in Sources */,
				A2132397198CEA230004C764 /* main.m in Sources */,
			);
			runOnlyForDeploymentPostprocessing = 0;
		};
		A213239E198CEA230004C764 /* Sources */ = {
			isa = PBXSourcesBuildPhase;
			buildActionMask = 2147483647;
			files = (
				A21323B0198CEA230004C764 /* testAlbumTests.m in Sources */,
			);
			runOnlyForDeploymentPostprocessing = 0;
		};
/* End PBXSourcesBuildPhase section */

/* Begin PBXTargetDependency section */
		A21323A8198CEA230004C764 /* PBXTargetDependency */ = {
			isa = PBXTargetDependency;
			target = A2132386198CEA230004C764 /* testAlbum */;
			targetProxy = A21323A7198CEA230004C764 /* PBXContainerItemProxy */;
		};
/* End PBXTargetDependency section */

/* Begin PBXVariantGroup section */
		A2132393198CEA230004C764 /* InfoPlist.strings */ = {
			isa = PBXVariantGroup;
			children = (
				A2132394198CEA230004C764 /* en */,
			);
			name = InfoPlist.strings;
			sourceTree = "<group>";
		};
		A21323AC198CEA230004C764 /* InfoPlist.strings */ = {
			isa = PBXVariantGroup;
			children = (
				A21323AD198CEA230004C764 /* en */,
			);
			name = InfoPlist.strings;
			sourceTree = "<group>";
		};
/* End PBXVariantGroup section */

/* Begin XCBuildConfiguration section */
		A21323B1198CEA230004C764 /* Debug */ = {
			isa = XCBuildConfiguration;
			buildSettings = {
				ALWAYS_SEARCH_USER_PATHS = NO;
				CLANG_CXX_LANGUAGE_STANDARD = "gnu++0x";
				CLANG_CXX_LIBRARY = "libc++";
				CLANG_ENABLE_MODULES = YES;
				CLANG_ENABLE_OBJC_ARC = YES;
				CLANG_WARN_BOOL_CONVERSION = YES;
				CLANG_WARN_CONSTANT_CONVERSION = YES;
				CLANG_WARN_DIRECT_OBJC_ISA_USAGE = YES_ERROR;
				CLANG_WARN_EMPTY_BODY = YES;
				CLANG_WARN_ENUM_CONVERSION = YES;
				CLANG_WARN_INT_CONVERSION = YES;
				CLANG_WARN_OBJC_ROOT_CLASS = YES_ERROR;
				CLANG_WARN__DUPLICATE_METHOD_MATCH = YES;
				"CODE_SIGN_IDENTITY[sdk=iphoneos*]" = "iPhone Developer";
				COPY_PHASE_STRIP = NO;
				GCC_C_LANGUAGE_STANDARD = gnu99;
				GCC_DYNAMIC_NO_PIC = NO;
				GCC_OPTIMIZATION_LEVEL = 0;
				GCC_PREPROCESSOR_DEFINITIONS = (
					"DEBUG=1",
					"$(inherited)",
				);
				GCC_SYMBOLS_PRIVATE_EXTERN = NO;
				GCC_WARN_64_TO_32_BIT_CONVERSION = YES;
				GCC_WARN_ABOUT_RETURN_TYPE = YES_ERROR;
				GCC_WARN_UNDECLARED_SELECTOR = YES;
				GCC_WARN_UNINITIALIZED_AUTOS = YES_AGGRESSIVE;
				GCC_WARN_UNUSED_FUNCTION = YES;
				GCC_WARN_UNUSED_VARIABLE = YES;
				IPHONEOS_DEPLOYMENT_TARGET = 7.1;
				ONLY_ACTIVE_ARCH = YES;
				SDKROOT = iphoneos;
			};
			name = Debug;
		};
		A21323B2198CEA230004C764 /* Release */ = {
			isa = XCBuildConfiguration;
			buildSettings = {
				ALWAYS_SEARCH_USER_PATHS = NO;
				CLANG_CXX_LANGUAGE_STANDARD = "gnu++0x";
				CLANG_CXX_LIBRARY = "libc++";
				CLANG_ENABLE_MODULES = YES;
				CLANG_ENABLE_OBJC_ARC = YES;
				CLANG_WARN_BOOL_CONVERSION = YES;
				CLANG_WARN_CONSTANT_CONVERSION = YES;
				CLANG_WARN_DIRECT_OBJC_ISA_USAGE = YES_ERROR;
				CLANG_WARN_EMPTY_BODY = YES;
				CLANG_WARN_ENUM_CONVERSION = YES;
				CLANG_WARN_INT_CONVERSION = YES;
				CLANG_WARN_OBJC_ROOT_CLASS = YES_ERROR;
				CLANG_WARN__DUPLICATE_METHOD_MATCH = YES;
				"CODE_SIGN_IDENTITY[sdk=iphoneos*]" = "iPhone Developer";
				COPY_PHASE_STRIP = YES;
				ENABLE_NS_ASSERTIONS = NO;
				GCC_C_LANGUAGE_STANDARD = gnu99;
				GCC_WARN_64_TO_32_BIT_CONVERSION = YES;
				GCC_WARN_ABOUT_RETURN_TYPE = YES_ERROR;
				GCC_WARN_UNDECLARED_SELECTOR = YES;
				GCC_WARN_UNINITIALIZED_AUTOS = YES_AGGRESSIVE;
				GCC_WARN_UNUSED_FUNCTION = YES;
				GCC_WARN_UNUSED_VARIABLE = YES;
				IPHONEOS_DEPLOYMENT_TARGET = 7.1;
				SDKROOT = iphoneos;
				VALIDATE_PRODUCT = YES;
			};
			name = Release;
		};
		A21323B4198CEA230004C764 /* Debug */ = {
			isa = XCBuildConfiguration;
			baseConfigurationReference = BFD5CADF38464905BE76A126 /* Pods.xcconfig */;
			buildSettings = {
				ASSETCATALOG_COMPILER_APPICON_NAME = AppIcon;
				ASSETCATALOG_COMPILER_LAUNCHIMAGE_NAME = LaunchImage;
				GCC_PRECOMPILE_PREFIX_HEADER = YES;
				GCC_PREFIX_HEADER = "testAlbum/testAlbum-Prefix.pch";
				INFOPLIST_FILE = "testAlbum/testAlbum-Info.plist";
				PRODUCT_NAME = "$(TARGET_NAME)";
				WRAPPER_EXTENSION = app;
			};
			name = Debug;
		};
		A21323B5198CEA230004C764 /* Release */ = {
			isa = XCBuildConfiguration;
			baseConfigurationReference = BFD5CADF38464905BE76A126 /* Pods.xcconfig */;
			buildSettings = {
				ASSETCATALOG_COMPILER_APPICON_NAME = AppIcon;
				ASSETCATALOG_COMPILER_LAUNCHIMAGE_NAME = LaunchImage;
				GCC_PRECOMPILE_PREFIX_HEADER = YES;
				GCC_PREFIX_HEADER = "testAlbum/testAlbum-Prefix.pch";
				INFOPLIST_FILE = "testAlbum/testAlbum-Info.plist";
				PRODUCT_NAME = "$(TARGET_NAME)";
				WRAPPER_EXTENSION = app;
			};
			name = Release;
		};
		A21323B7198CEA230004C764 /* Debug */ = {
			isa = XCBuildConfiguration;
			buildSettings = {
				BUNDLE_LOADER = "$(BUILT_PRODUCTS_DIR)/testAlbum.app/testAlbum";
				FRAMEWORK_SEARCH_PATHS = (
					"$(SDKROOT)/Developer/Library/Frameworks",
					"$(inherited)",
					"$(DEVELOPER_FRAMEWORKS_DIR)",
				);
				GCC_PRECOMPILE_PREFIX_HEADER = YES;
				GCC_PREFIX_HEADER = "testAlbum/testAlbum-Prefix.pch";
				GCC_PREPROCESSOR_DEFINITIONS = (
					"DEBUG=1",
					"$(inherited)",
				);
				INFOPLIST_FILE = "testAlbumTests/testAlbumTests-Info.plist";
				PRODUCT_NAME = "$(TARGET_NAME)";
				TEST_HOST = "$(BUNDLE_LOADER)";
				WRAPPER_EXTENSION = xctest;
			};
			name = Debug;
		};
		A21323B8198CEA230004C764 /* Release */ = {
			isa = XCBuildConfiguration;
			buildSettings = {
				BUNDLE_LOADER = "$(BUILT_PRODUCTS_DIR)/testAlbum.app/testAlbum";
				FRAMEWORK_SEARCH_PATHS = (
					"$(SDKROOT)/Developer/Library/Frameworks",
					"$(inherited)",
					"$(DEVELOPER_FRAMEWORKS_DIR)",
				);
				GCC_PRECOMPILE_PREFIX_HEADER = YES;
				GCC_PREFIX_HEADER = "testAlbum/testAlbum-Prefix.pch";
				INFOPLIST_FILE = "testAlbumTests/testAlbumTests-Info.plist";
				PRODUCT_NAME = "$(TARGET_NAME)";
				TEST_HOST = "$(BUNDLE_LOADER)";
				WRAPPER_EXTENSION = xctest;
			};
			name = Release;
		};
/* End XCBuildConfiguration section */

/* Begin XCConfigurationList section */
		A2132382198CEA230004C764 /* Build configuration list for PBXProject "testAlbum" */ = {
			isa = XCConfigurationList;
			buildConfigurations = (
				A21323B1198CEA230004C764 /* Debug */,
				A21323B2198CEA230004C764 /* Release */,
			);
			defaultConfigurationIsVisible = 0;
			defaultConfigurationName = Release;
		};
		A21323B3198CEA230004C764 /* Build configuration list for PBXNativeTarget "testAlbum" */ = {
			isa = XCConfigurationList;
			buildConfigurations = (
				A21323B4198CEA230004C764 /* Debug */,
				A21323B5198CEA230004C764 /* Release */,
			);
			defaultConfigurationIsVisible = 0;
			defaultConfigurationName = Release;
		};
		A21323B6198CEA230004C764 /* Build configuration list for PBXNativeTarget "testAlbumTests" */ = {
			isa = XCConfigurationList;
			buildConfigurations = (
				A21323B7198CEA230004C764 /* Debug */,
				A21323B8198CEA230004C764 /* Release */,
			);
			defaultConfigurationIsVisible = 0;
			defaultConfigurationName = Release;
		};
/* End XCConfigurationList section */
	};
	rootObject = A213237F198CEA230004C764 /* Project object */;
}
